
Microsoft Visual Studio Solution File, Format Version 12.00
# Visual Studio Version 17
VisualStudioVersion = 17.11.35327.3
MinimumVisualStudioVersion = 10.0.40219.1
Project("{FAE04EC0-301F-11D3-BF4B-00C04F79EFBC}") = "DotNetWebAPI", "DotNetWebAPI\DotNetWebAPI.csproj", "{023B18A3-A475-4B73-B2A4-F6BBA762F85B}"
EndProject
Global
	GlobalSection(SolutionConfigurationPlatforms) = preSolution
		Debug|Any CPU = Debug|Any CPU
		Release|Any CPU = Release|Any CPU
	EndGlobalSection
	GlobalSection(ProjectConfigurationPlatforms) = postSolution
		{023B18A3-A475-4B73-B2A4-F6BBA762F85B}.Debug|Any CPU.ActiveCfg = Debug|Any CPU
		{023B18A3-A475-4B73-B2A4-F6BBA762F85B}.Debug|Any CPU.Build.0 = Debug|Any CPU
		{023B18A3-A475-4B73-B2A4-F6BBA762F85B}.Release|Any CPU.ActiveCfg = Release|Any CPU
		{023B18A3-A475-4B73-B2A4-F6BBA762F85B}.Release|Any CPU.Build.0 = Release|Any CPU
	EndGlobalSection
	GlobalSection(SolutionProperties) = preSolution
		HideSolutionNode = FALSE
	EndGlobalSection
	GlobalSection(ExtensibilityGlobals) = postSolution
		SolutionGuid = {5C025078-4C2E-4928-BE0B-7B4B5F9B9EBE}
	EndGlobalSection
EndGlobal
