
Microsoft Visual Studio Solution File, Format Version 12.00
# Visual Studio Version 17
VisualStudioVersion = 17.11.35327.3
MinimumVisualStudioVersion = 10.0.40219.1
Project("{FAE04EC0-301F-11D3-BF4B-00C04F79EFBC}") = "ProductsAPI-Day4", "ProductsAPI-Day4\ProductsAPI-Day4.csproj", "{643FDAE7-9A8D-47F7-9B7C-180ADE5608B1}"
EndProject
Global
	GlobalSection(SolutionConfigurationPlatforms) = preSolution
		Debug|Any CPU = Debug|Any CPU
		Release|Any CPU = Release|Any CPU
	EndGlobalSection
	GlobalSection(ProjectConfigurationPlatforms) = postSolution
		{643FDAE7-9A8D-47F7-9B7C-180ADE5608B1}.Debug|Any CPU.ActiveCfg = Debug|Any CPU
		{643FDAE7-9A8D-47F7-9B7C-180ADE5608B1}.Debug|Any CPU.Build.0 = Debug|Any CPU
		{643FDAE7-9A8D-47F7-9B7C-180ADE5608B1}.Release|Any CPU.ActiveCfg = Release|Any CPU
		{643FDAE7-9A8D-47F7-9B7C-180ADE5608B1}.Release|Any CPU.Build.0 = Release|Any CPU
	EndGlobalSection
	GlobalSection(SolutionProperties) = preSolution
		HideSolutionNode = FALSE
	EndGlobalSection
	GlobalSection(ExtensibilityGlobals) = postSolution
		SolutionGuid = {ED0F8180-7CCD-44C8-A68E-501CE07F8BB2}
	EndGlobalSection
EndGlobal
